
Microsoft Visual Studio Solution File, Format Version 12.00
# Visual Studio Version 17
VisualStudioVersion = 17.5.002.0
MinimumVisualStudioVersion = 10.0.40219.1
Project("{9A19103F-16F7-4668-BE54-9A1E7A4F7556}") = "Method Overloading", "Method Overloading.csproj", "{9BF87C03-952F-4CDC-82F4-36FE9E47B7C4}"
EndProject
Global
	GlobalSection(SolutionConfigurationPlatforms) = preSolution
		Debug|Any CPU = Debug|Any CPU
		Release|Any CPU = Release|Any CPU
	EndGlobalSection
	GlobalSection(ProjectConfigurationPlatforms) = postSolution
		{9BF87C03-952F-4CDC-82F4-36FE9E47B7C4}.Debug|Any CPU.ActiveCfg = Debug|Any CPU
		{9BF87C03-952F-4CDC-82F4-36FE9E47B7C4}.Debug|Any CPU.Build.0 = Debug|Any CPU
		{9BF87C03-952F-4CDC-82F4-36FE9E47B7C4}.Release|Any CPU.ActiveCfg = Release|Any CPU
		{9BF87C03-952F-4CDC-82F4-36FE9E47B7C4}.Release|Any CPU.Build.0 = Release|Any CPU
	EndGlobalSection
	GlobalSection(SolutionProperties) = preSolution
		HideSolutionNode = FALSE
	EndGlobalSection
	GlobalSection(ExtensibilityGlobals) = postSolution
		SolutionGuid = {998DC64D-4535-4884-AE39-DD03CEBDAAC4}
	EndGlobalSection
EndGlobal
