
Microsoft Visual Studio Solution File, Format Version 12.00
# Visual Studio Version 17
VisualStudioVersion = 17.5.002.0
MinimumVisualStudioVersion = 10.0.40219.1
Project("{9A19103F-16F7-4668-BE54-9A1E7A4F7556}") = "Generic Collections and List", "Generic Collections and List.csproj", "{CF875B73-449A-4CAF-92AC-2B59122775E9}"
EndProject
Global
	GlobalSection(SolutionConfigurationPlatforms) = preSolution
		Debug|Any CPU = Debug|Any CPU
		Release|Any CPU = Release|Any CPU
	EndGlobalSection
	GlobalSection(ProjectConfigurationPlatforms) = postSolution
		{CF875B73-449A-4CAF-92AC-2B59122775E9}.Debug|Any CPU.ActiveCfg = Debug|Any CPU
		{CF875B73-449A-4CAF-92AC-2B59122775E9}.Debug|Any CPU.Build.0 = Debug|Any CPU
		{CF875B73-449A-4CAF-92AC-2B59122775E9}.Release|Any CPU.ActiveCfg = Release|Any CPU
		{CF875B73-449A-4CAF-92AC-2B59122775E9}.Release|Any CPU.Build.0 = Release|Any CPU
	EndGlobalSection
	GlobalSection(SolutionProperties) = preSolution
		HideSolutionNode = FALSE
	EndGlobalSection
	GlobalSection(ExtensibilityGlobals) = postSolution
		SolutionGuid = {F2C1C0C6-1957-49C9-BCC1-BA2AED5DAEAE}
	EndGlobalSection
EndGlobal
